
Microsoft Visual Studio Solution File, Format Version 12.00
# Visual Studio Version 17
VisualStudioVersion = 17.5.33530.505
MinimumVisualStudioVersion = 10.0.40219.1
Project("{FAE04EC0-301F-11D3-BF4B-00C04F79EFBC}") = "SupermarketCheckout", "SupermarketCheckout.csproj", "{6DEBE399-C372-49FC-B921-389C653C4D74}"
EndProject
Global
	GlobalSection(SolutionConfigurationPlatforms) = preSolution
		Debug|Any CPU = Debug|Any CPU
		Release|Any CPU = Release|Any CPU
	EndGlobalSection
	GlobalSection(ProjectConfigurationPlatforms) = postSolution
		{6DEBE399-C372-49FC-B921-389C653C4D74}.Debug|Any CPU.ActiveCfg = Debug|Any CPU
		{6DEBE399-C372-49FC-B921-389C653C4D74}.Debug|Any CPU.Build.0 = Debug|Any CPU
		{6DEBE399-C372-49FC-B921-389C653C4D74}.Release|Any CPU.ActiveCfg = Release|Any CPU
		{6DEBE399-C372-49FC-B921-389C653C4D74}.Release|Any CPU.Build.0 = Release|Any CPU
	EndGlobalSection
	GlobalSection(SolutionProperties) = preSolution
		HideSolutionNode = FALSE
	EndGlobalSection
	GlobalSection(ExtensibilityGlobals) = postSolution
		SolutionGuid = {E5D3974A-85AB-44DD-9B1E-408FC55F60DB}
	EndGlobalSection
EndGlobal
